
Microsoft Visual Studio Solution File, Format Version 12.00
# Visual Studio Version 16
VisualStudioVersion = 16.0.29728.190
MinimumVisualStudioVersion = 10.0.40219.1
Project("{FAE04EC0-301F-11D3-BF4B-00C04F79EFBC}") = "MvcBlog", "MvcBlog\MvcBlog.csproj", "{7C8F120C-8B95-4855-9774-14549C39D139}"
EndProject
Global
	GlobalSection(SolutionConfigurationPlatforms) = preSolution
		Debug|Any CPU = Debug|Any CPU
		Release|Any CPU = Release|Any CPU
	EndGlobalSection
	GlobalSection(ProjectConfigurationPlatforms) = postSolution
		{7C8F120C-8B95-4855-9774-14549C39D139}.Debug|Any CPU.ActiveCfg = Debug|Any CPU
		{7C8F120C-8B95-4855-9774-14549C39D139}.Debug|Any CPU.Build.0 = Debug|Any CPU
		{7C8F120C-8B95-4855-9774-14549C39D139}.Release|Any CPU.ActiveCfg = Release|Any CPU
		{7C8F120C-8B95-4855-9774-14549C39D139}.Release|Any CPU.Build.0 = Release|Any CPU
	EndGlobalSection
	GlobalSection(SolutionProperties) = preSolution
		HideSolutionNode = FALSE
	EndGlobalSection
	GlobalSection(ExtensibilityGlobals) = postSolution
		SolutionGuid = {1A2F8EDF-CA72-496A-98AB-8105E81ED832}
	EndGlobalSection
EndGlobal
